// !$*UTF8*$!
{
	archiveVersion = 1;
	classes = {
	};
	objectVersion = 46;
	objects = {

/* Begin PBXBuildFile section */
		DDCFF8271CDAD70900CDCA5A /* AppDelegate.swift in Sources */ = {isa = PBXBuildFile; fileRef = DDCFF8261CDAD70900CDCA5A /* AppDelegate.swift */; };
		DDCFF8291CDAD70900CDCA5A /* ViewController.swift in Sources */ = {isa = PBXBuildFile; fileRef = DDCFF8281CDAD70900CDCA5A /* ViewController.swift */; };
		DDCFF82C1CDAD70900CDCA5A /* theVideoApp.xcdatamodeld in Sources */ = {isa = PBXBuildFile; fileRef = DDCFF82A1CDAD70900CDCA5A /* theVideoApp.xcdatamodeld */; };
		DDCFF82F1CDAD70900CDCA5A /* Main.storyboard in Resources */ = {isa = PBXBuildFile; fileRef = DDCFF82D1CDAD70900CDCA5A /* Main.storyboard */; };
		DDCFF8311CDAD70900CDCA5A /* Assets.xcassets in Resources */ = {isa = PBXBuildFile; fileRef = DDCFF8301CDAD70900CDCA5A /* Assets.xcassets */; };
/* End PBXBuildFile section */

/* Begin PBXFileReference section */
		DDCFF8231CDAD70900CDCA5A /* theVideoApp.app */ = {isa = PBXFileReference; explicitFileType = wrapper.application; includeInIndex = 0; path = theVideoApp.app; sourceTree = BUILT_PRODUCTS_DIR; };
		DDCFF8261CDAD70900CDCA5A /* AppDelegate.swift */ = {isa = PBXFileReference; lastKnownFileType = sourcecode.swift; path = AppDelegate.swift; sourceTree = "<group>"; };
		DDCFF8281CDAD70900CDCA5A /* ViewController.swift */ = {isa = PBXFileReference; lastKnownFileType = sourcecode.swift; path = ViewController.swift; sourceTree = "<group>"; };
		DDCFF82B1CDAD70900CDCA5A /* theVideoApp.xcdatamodel */ = {isa = PBXFileReference; lastKnownFileType = wrapper.xcdatamodel; path = theVideoApp.xcdatamodel; sourceTree = "<group>"; };
		DDCFF82E1CDAD70900CDCA5A /* Base */ = {isa = PBXFileReference; lastKnownFileType = file.storyboard; name = Base; path = Base.lproj/Main.storyboard; sourceTree = "<group>"; };
		DDCFF8301CDAD70900CDCA5A /* Assets.xcassets */ = {isa = PBXFileReference; lastKnownFileType = folder.assetcatalog; path = Assets.xcassets; sourceTree = "<group>"; };
		DDCFF8321CDAD70900CDCA5A /* Info.plist */ = {isa = PBXFileReference; lastKnownFileType = text.plist.xml; path = Info.plist; sourceTree = "<group>"; };
/* End PBXFileReference section */

/* Begin PBXFrameworksBuildPhase section */
		DDCFF8201CDAD70900CDCA5A /* Frameworks */ = {
			isa = PBXFrameworksBuildPhase;
			buildActionMask = 2147483647;
			files = (
			);
			runOnlyForDeploymentPostprocessing = 0;
		};
/* End PBXFrameworksBuildPhase section */

/* Begin PBXGroup section */
		DDCFF81A1CDAD70900CDCA5A = {
			isa = PBXGroup;
			children = (
				DDCFF8251CDAD70900CDCA5A /* theVideoApp */,
				DDCFF8241CDAD70900CDCA5A /* Products */,
			);
			sourceTree = "<group>";
		};
		DDCFF8241CDAD70900CDCA5A /* Products */ = {
			isa = PBXGroup;
			children = (
				DDCFF8231CDAD70900CDCA5A /* theVideoApp.app */,
			);
			name = Products;
			sourceTree = "<group>";
		};
		DDCFF8251CDAD70900CDCA5A /* theVideoApp */ = {
			isa = PBXGroup;
			children = (
				DDCFF8261CDAD70900CDCA5A /* AppDelegate.swift */,
				DDCFF8281CDAD70900CDCA5A /* ViewController.swift */,
				DDCFF82D1CDAD70900CDCA5A /* Main.storyboard */,
				DDCFF8301CDAD70900CDCA5A /* Assets.xcassets */,
				DDCFF8321CDAD70900CDCA5A /* Info.plist */,
				DDCFF82A1CDAD70900CDCA5A /* theVideoApp.xcdatamodeld */,
			);
			path = theVideoApp;
			sourceTree = "<group>";
		};
/* End PBXGroup section */

/* Begin PBXNativeTarget section */
		DDCFF8221CDAD70900CDCA5A /* theVideoApp */ = {
			isa = PBXNativeTarget;
			buildConfigurationList = DDCFF8351CDAD70900CDCA5A /* Build configuration list for PBXNativeTarget "theVideoApp" */;
			buildPhases = (
				DDCFF81F1CDAD70900CDCA5A /* Sources */,
				DDCFF8201CDAD70900CDCA5A /* Frameworks */,
				DDCFF8211CDAD70900CDCA5A /* Resources */,
			);
			buildRules = (
			);
			dependencies = (
			);
			name = theVideoApp;
			productName = theVideoApp;
			productReference = DDCFF8231CDAD70900CDCA5A /* theVideoApp.app */;
			productType = "com.apple.product-type.application";
		};
/* End PBXNativeTarget section */

/* Begin PBXProject section */
		DDCFF81B1CDAD70900CDCA5A /* Project object */ = {
			isa = PBXProject;
			attributes = {
				LastSwiftUpdateCheck = 0730;
				LastUpgradeCheck = 0730;
				ORGANIZATIONNAME = "Matheus Amancio Seixeiro";
				TargetAttributes = {
					DDCFF8221CDAD70900CDCA5A = {
						CreatedOnToolsVersion = 7.3;
					};
				};
			};
			buildConfigurationList = DDCFF81E1CDAD70900CDCA5A /* Build configuration list for PBXProject "theVideoApp" */;
			compatibilityVersion = "Xcode 3.2";
			developmentRegion = English;
			hasScannedForEncodings = 0;
			knownRegions = (
				en,
				Base,
			);
			mainGroup = DDCFF81A1CDAD70900CDCA5A;
			productRefGroup = DDCFF8241CDAD70900CDCA5A /* Products */;
			projectDirPath = "";
			projectRoot = "";
			targets = (
				DDCFF8221CDAD70900CDCA5A /* theVideoApp */,
			);
		};
/* End PBXProject section */

/* Begin PBXResourcesBuildPhase section */
		DDCFF8211CDAD70900CDCA5A /* Resources */ = {
			isa = PBXResourcesBuildPhase;
			buildActionMask = 2147483647;
			files = (
				DDCFF8311CDAD70900CDCA5A /* Assets.xcassets in Resources */,
				DDCFF82F1CDAD70900CDCA5A /* Main.storyboard in Resources */,
			);
			runOnlyForDeploymentPostprocessing = 0;
		};
/* End PBXResourcesBuildPhase section */

/* Begin PBXSourcesBuildPhase section */
		DDCFF81F1CDAD70900CDCA5A /* Sources */ = {
			isa = PBXSourcesBuildPhase;
			buildActionMask = 2147483647;
			files = (
				DDCFF8291CDAD70900CDCA5A /* ViewController.swift in Sources */,
				DDCFF82C1CDAD70900CDCA5A /* theVideoApp.xcdatamodeld in Sources */,
				DDCFF8271CDAD70900CDCA5A /* AppDelegate.swift in Sources */,
			);
			runOnlyForDeploymentPostprocessing = 0;
		};
/* End PBXSourcesBuildPhase section */

/* Begin PBXVariantGroup section */
		DDCFF82D1CDAD70900CDCA5A /* Main.storyboard */ = {
			isa = PBXVariantGroup;
			children = (
				DDCFF82E1CDAD70900CDCA5A /* Base */,
			);
			name = Main.storyboard;
			sourceTree = "<group>";
		};
/* End PBXVariantGroup section */

/* Begin XCBuildConfiguration section */
		DDCFF8331CDAD70900CDCA5A /* Debug */ = {
			isa = XCBuildConfiguration;
			buildSettings = {
				ALWAYS_SEARCH_USER_PATHS = NO;
				CLANG_ANALYZER_NONNULL = YES;
				CLANG_CXX_LANGUAGE_STANDARD = "gnu++0x";
				CLANG_CXX_LIBRARY = "libc++";
				CLANG_ENABLE_MODULES = YES;
				CLANG_ENABLE_OBJC_ARC = YES;
				CLANG_WARN_BOOL_CONVERSION = YES;
				CLANG_WARN_CONSTANT_CONVERSION = YES;
				CLANG_WARN_DIRECT_OBJC_ISA_USAGE = YES_ERROR;
				CLANG_WARN_EMPTY_BODY = YES;
				CLANG_WARN_ENUM_CONVERSION = YES;
				CLANG_WARN_INT_CONVERSION = YES;
				CLANG_WARN_OBJC_ROOT_CLASS = YES_ERROR;
				CLANG_WARN_UNREACHABLE_CODE = YES;
				CLANG_WARN__DUPLICATE_METHOD_MATCH = YES;
				COPY_PHASE_STRIP = NO;
				DEBUG_INFORMATION_FORMAT = dwarf;
				ENABLE_STRICT_OBJC_MSGSEND = YES;
				ENABLE_TESTABILITY = YES;
				GCC_C_LANGUAGE_STANDARD = gnu99;
				GCC_DYNAMIC_NO_PIC = NO;
				GCC_NO_COMMON_BLOCKS = YES;
				GCC_OPTIMIZATION_LEVEL = 0;
				GCC_PREPROCESSOR_DEFINITIONS = (
					"DEBUG=1",
					"$(inherited)",
				);
				GCC_WARN_64_TO_32_BIT_CONVERSION = YES;
				GCC_WARN_ABOUT_RETURN_TYPE = YES_ERROR;
				GCC_WARN_UNDECLARED_SELECTOR = YES;
				GCC_WARN_UNINITIALIZED_AUTOS = YES_AGGRESSIVE;
				GCC_WARN_UNUSED_FUNCTION = YES;
				GCC_WARN_UNUSED_VARIABLE = YES;
				MTL_ENABLE_DEBUG_INFO = YES;
				ONLY_ACTIVE_ARCH = YES;
				SDKROOT = appletvos;
				SWIFT_OPTIMIZATION_LEVEL = "-Onone";
				TARGETED_DEVICE_FAMILY = 3;
				TVOS_DEPLOYMENT_TARGET = 9.2;
			};
			name = Debug;
		};
		DDCFF8341CDAD70900CDCA5A /* Release */ = {
			isa = XCBuildConfiguration;
			buildSettings = {
				ALWAYS_SEARCH_USER_PATHS = NO;
				CLANG_ANALYZER_NONNULL = YES;
				CLANG_CXX_LANGUAGE_STANDARD = "gnu++0x";
				CLANG_CXX_LIBRARY = "libc++";
				CLANG_ENABLE_MODULES = YES;
				CLANG_ENABLE_OBJC_ARC = YES;
				CLANG_WARN_BOOL_CONVERSION = YES;
				CLANG_WARN_CONSTANT_CONVERSION = YES;
				CLANG_WARN_DIRECT_OBJC_ISA_USAGE = YES_ERROR;
				CLANG_WARN_EMPTY_BODY = YES;
				CLANG_WARN_ENUM_CONVERSION = YES;
				CLANG_WARN_INT_CONVERSION = YES;
				CLANG_WARN_OBJC_ROOT_CLASS = YES_ERROR;
				CLANG_WARN_UNREACHABLE_CODE = YES;
				CLANG_WARN__DUPLICATE_METHOD_MATCH = YES;
				COPY_PHASE_STRIP = NO;
				DEBUG_INFORMATION_FORMAT = "dwarf-with-dsym";
				ENABLE_NS_ASSERTIONS = NO;
				ENABLE_STRICT_OBJC_MSGSEND = YES;
				GCC_C_LANGUAGE_STANDARD = gnu99;
				GCC_NO_COMMON_BLOCKS = YES;
				GCC_WARN_64_TO_32_BIT_CONVERSION = YES;
				GCC_WARN_ABOUT_RETURN_TYPE = YES_ERROR;
				GCC_WARN_UNDECLARED_SELECTOR = YES;
				GCC_WARN_UNINITIALIZED_AUTOS = YES_AGGRESSIVE;
				GCC_WARN_UNUSED_FUNCTION = YES;
				GCC_WARN_UNUSED_VARIABLE = YES;
				MTL_ENABLE_DEBUG_INFO = NO;
				SDKROOT = appletvos;
				TARGETED_DEVICE_FAMILY = 3;
				TVOS_DEPLOYMENT_TARGET = 9.2;
				VALIDATE_PRODUCT = YES;
			};
			name = Release;
		};
		DDCFF8361CDAD70900CDCA5A /* Debug */ = {
			isa = XCBuildConfiguration;
			buildSettings = {
				ASSETCATALOG_COMPILER_APPICON_NAME = "App Icon & Top Shelf Image";
				ASSETCATALOG_COMPILER_LAUNCHIMAGE_NAME = LaunchImage;
				INFOPLIST_FILE = theVideoApp/Info.plist;
				LD_RUNPATH_SEARCH_PATHS = "$(inherited) @executable_path/Frameworks";
				PRODUCT_BUNDLE_IDENTIFIER = "Matheus-Amancio.theVideoApp";
				PRODUCT_NAME = "$(TARGET_NAME)";
			};
			name = Debug;
		};
		DDCFF8371CDAD70900CDCA5A /* Release */ = {
			isa = XCBuildConfiguration;
			buildSettings = {
				ASSETCATALOG_COMPILER_APPICON_NAME = "App Icon & Top Shelf Image";
				ASSETCATALOG_COMPILER_LAUNCHIMAGE_NAME = LaunchImage;
				INFOPLIST_FILE = theVideoApp/Info.plist;
				LD_RUNPATH_SEARCH_PATHS = "$(inherited) @executable_path/Frameworks";
				PRODUCT_BUNDLE_IDENTIFIER = "Matheus-Amancio.theVideoApp";
				PRODUCT_NAME = "$(TARGET_NAME)";
			};
			name = Release;
		};
/* End XCBuildConfiguration section */

/* Begin XCConfigurationList section */
		DDCFF81E1CDAD70900CDCA5A /* Build configuration list for PBXProject "theVideoApp" */ = {
			isa = XCConfigurationList;
			buildConfigurations = (
				DDCFF8331CDAD70900CDCA5A /* Debug */,
				DDCFF8341CDAD70900CDCA5A /* Release */,
			);
			defaultConfigurationIsVisible = 0;
			defaultConfigurationName = Release;
		};
		DDCFF8351CDAD70900CDCA5A /* Build configuration list for PBXNativeTarget "theVideoApp" */ = {
			isa = XCConfigurationList;
			buildConfigurations = (
				DDCFF8361CDAD70900CDCA5A /* Debug */,
				DDCFF8371CDAD70900CDCA5A /* Release */,
			);
			defaultConfigurationIsVisible = 0;
		};
/* End XCConfigurationList section */

/* Begin XCVersionGroup section */
		DDCFF82A1CDAD70900CDCA5A /* theVideoApp.xcdatamodeld */ = {
			isa = XCVersionGroup;
			children = (
				DDCFF82B1CDAD70900CDCA5A /* theVideoApp.xcdatamodel */,
			);
			currentVersion = DDCFF82B1CDAD70900CDCA5A /* theVideoApp.xcdatamodel */;
			path = theVideoApp.xcdatamodeld;
			sourceTree = "<group>";
			versionGroupType = wrapper.xcdatamodel;
		};
/* End XCVersionGroup section */
	};
	rootObject = DDCFF81B1CDAD70900CDCA5A /* Project object */;
}
